
Microsoft Visual Studio Solution File, Format Version 12.00
# Visual Studio Version 17
VisualStudioVersion = 17.7.34024.191
MinimumVisualStudioVersion = 10.0.40219.1
Project("{8BC9CEB8-8B4A-11D0-8D11-00A0C91BC942}") = "FiveContest", "FiveContest.vcxproj", "{B016E2AB-8463-497A-8BC1-987D55A0422B}"
EndProject
Global
	GlobalSection(SolutionConfigurationPlatforms) = preSolution
		Debug|x64 = Debug|x64
		Debug|x86 = Debug|x86
		Release|x64 = Release|x64
		Release|x86 = Release|x86
	EndGlobalSection
	GlobalSection(ProjectConfigurationPlatforms) = postSolution
		{B016E2AB-8463-497A-8BC1-987D55A0422B}.Debug|x64.ActiveCfg = Debug|x64
		{B016E2AB-8463-497A-8BC1-987D55A0422B}.Debug|x64.Build.0 = Debug|x64
		{B016E2AB-8463-497A-8BC1-987D55A0422B}.Debug|x86.ActiveCfg = Debug|Win32
		{B016E2AB-8463-497A-8BC1-987D55A0422B}.Debug|x86.Build.0 = Debug|Win32
		{B016E2AB-8463-497A-8BC1-987D55A0422B}.Release|x64.ActiveCfg = Release|x64
		{B016E2AB-8463-497A-8BC1-987D55A0422B}.Release|x64.Build.0 = Release|x64
		{B016E2AB-8463-497A-8BC1-987D55A0422B}.Release|x86.ActiveCfg = Release|Win32
		{B016E2AB-8463-497A-8BC1-987D55A0422B}.Release|x86.Build.0 = Release|Win32
	EndGlobalSection
	GlobalSection(SolutionProperties) = preSolution
		HideSolutionNode = FALSE
	EndGlobalSection
	GlobalSection(ExtensibilityGlobals) = postSolution
		SolutionGuid = {2E27B1AA-2EC2-424D-A3A2-582BBB6D1334}
	EndGlobalSection
EndGlobal
